
Microsoft Visual Studio Solution File, Format Version 12.00
# Visual Studio Version 17
VisualStudioVersion = 17.4.33110.190
MinimumVisualStudioVersion = 10.0.40219.1
Project("{FAE04EC0-301F-11D3-BF4B-00C04F79EFBC}") = "Bookish", "Bookish\Bookish.csproj", "{CDB3910C-1E68-4D9A-BF5D-EA7006C6992F}"
EndProject
Global
	GlobalSection(SolutionConfigurationPlatforms) = preSolution
		Debug|Any CPU = Debug|Any CPU
		Release|Any CPU = Release|Any CPU
	EndGlobalSection
	GlobalSection(ProjectConfigurationPlatforms) = postSolution
		{CDB3910C-1E68-4D9A-BF5D-EA7006C6992F}.Debug|Any CPU.ActiveCfg = Debug|Any CPU
		{CDB3910C-1E68-4D9A-BF5D-EA7006C6992F}.Debug|Any CPU.Build.0 = Debug|Any CPU
		{CDB3910C-1E68-4D9A-BF5D-EA7006C6992F}.Release|Any CPU.ActiveCfg = Release|Any CPU
		{CDB3910C-1E68-4D9A-BF5D-EA7006C6992F}.Release|Any CPU.Build.0 = Release|Any CPU
	EndGlobalSection
	GlobalSection(SolutionProperties) = preSolution
		HideSolutionNode = FALSE
	EndGlobalSection
	GlobalSection(ExtensibilityGlobals) = postSolution
		SolutionGuid = {B77A9D3E-11E7-45D9-B804-A734DDFB43FC}
	EndGlobalSection
EndGlobal
